
Microsoft Visual Studio Solution File, Format Version 12.00
# Visual Studio Version 16
VisualStudioVersion = 16.0.29926.136
MinimumVisualStudioVersion = 10.0.40219.1
Project("{FAE04EC0-301F-11D3-BF4B-00C04F79EFBC}") = "PlacementManagement", "PlacementManagement.csproj", "{5621AA1B-43EB-4F9D-8B94-9332B1B7DF9F}"
EndProject
Global
	GlobalSection(SolutionConfigurationPlatforms) = preSolution
		Debug|Any CPU = Debug|Any CPU
		Release|Any CPU = Release|Any CPU
	EndGlobalSection
	GlobalSection(ProjectConfigurationPlatforms) = postSolution
		{5621AA1B-43EB-4F9D-8B94-9332B1B7DF9F}.Debug|Any CPU.ActiveCfg = Debug|Any CPU
		{5621AA1B-43EB-4F9D-8B94-9332B1B7DF9F}.Debug|Any CPU.Build.0 = Debug|Any CPU
		{5621AA1B-43EB-4F9D-8B94-9332B1B7DF9F}.Release|Any CPU.ActiveCfg = Release|Any CPU
		{5621AA1B-43EB-4F9D-8B94-9332B1B7DF9F}.Release|Any CPU.Build.0 = Release|Any CPU
	EndGlobalSection
	GlobalSection(SolutionProperties) = preSolution
		HideSolutionNode = FALSE
	EndGlobalSection
	GlobalSection(ExtensibilityGlobals) = postSolution
		SolutionGuid = {A2E9177A-D8FF-47E7-8FFA-CE36E588D99A}
	EndGlobalSection
EndGlobal
